
Microsoft Visual Studio Solution File, Format Version 12.00
# Visual Studio Version 17
VisualStudioVersion = 17.13.35825.156 d17.13
MinimumVisualStudioVersion = 10.0.40219.1
Project("{FAE04EC0-301F-11D3-BF4B-00C04F79EFBC}") = "cm-be-biu", "cm-be-biu\cm-be-biu.csproj", "{729A3ED2-D929-4614-9532-C806A6095E70}"
EndProject
Global
	GlobalSection(SolutionConfigurationPlatforms) = preSolution
		Debug|Any CPU = Debug|Any CPU
		Release|Any CPU = Release|Any CPU
	EndGlobalSection
	GlobalSection(ProjectConfigurationPlatforms) = postSolution
		{729A3ED2-D929-4614-9532-C806A6095E70}.Debug|Any CPU.ActiveCfg = Debug|Any CPU
		{729A3ED2-D929-4614-9532-C806A6095E70}.Debug|Any CPU.Build.0 = Debug|Any CPU
		{729A3ED2-D929-4614-9532-C806A6095E70}.Release|Any CPU.ActiveCfg = Release|Any CPU
		{729A3ED2-D929-4614-9532-C806A6095E70}.Release|Any CPU.Build.0 = Release|Any CPU
	EndGlobalSection
	GlobalSection(SolutionProperties) = preSolution
		HideSolutionNode = FALSE
	EndGlobalSection
	GlobalSection(ExtensibilityGlobals) = postSolution
		SolutionGuid = {73718619-B3A6-4ED9-B9E9-53465D28E78A}
	EndGlobalSection
EndGlobal
